
Microsoft Visual Studio Solution File, Format Version 12.00
# Visual Studio Version 17
VisualStudioVersion = 17.3.32929.385
MinimumVisualStudioVersion = 10.0.40219.1
Project("{F184B08F-C81C-45F6-A57F-5ABD9991F28F}") = "UsingBigInteger", "UsingBigInteger\UsingBigInteger.vbproj", "{69F76CD2-2C88-4ED9-A405-0C26CD92D7DE}"
EndProject
Global
	GlobalSection(SolutionConfigurationPlatforms) = preSolution
		Debug|Any CPU = Debug|Any CPU
		Release|Any CPU = Release|Any CPU
	EndGlobalSection
	GlobalSection(ProjectConfigurationPlatforms) = postSolution
		{69F76CD2-2C88-4ED9-A405-0C26CD92D7DE}.Debug|Any CPU.ActiveCfg = Debug|Any CPU
		{69F76CD2-2C88-4ED9-A405-0C26CD92D7DE}.Debug|Any CPU.Build.0 = Debug|Any CPU
		{69F76CD2-2C88-4ED9-A405-0C26CD92D7DE}.Release|Any CPU.ActiveCfg = Release|Any CPU
		{69F76CD2-2C88-4ED9-A405-0C26CD92D7DE}.Release|Any CPU.Build.0 = Release|Any CPU
	EndGlobalSection
	GlobalSection(SolutionProperties) = preSolution
		HideSolutionNode = FALSE
	EndGlobalSection
	GlobalSection(ExtensibilityGlobals) = postSolution
		SolutionGuid = {ECAD00FF-391D-40DC-94B9-FEDF518E853A}
	EndGlobalSection
EndGlobal
